// !$*UTF8*$!
{
	archiveVersion = 1;
	classes = {
	};
	objectVersion = 50;
	objects = {

/* Begin PBXBuildFile section */
		4C575643271F8D0A0064F142 /* AppDelegate.swift in Sources */ = {isa = PBXBuildFile; fileRef = 4C575642271F8D0A0064F142 /* AppDelegate.swift */; };
		4C575645271F8D0A0064F142 /* SceneDelegate.swift in Sources */ = {isa = PBXBuildFile; fileRef = 4C575644271F8D0A0064F142 /* SceneDelegate.swift */; };
		4C575647271F8D0A0064F142 /* ViewController.swift in Sources */ = {isa = PBXBuildFile; fileRef = 4C575646271F8D0A0064F142 /* ViewController.swift */; };
		4C57564A271F8D0A0064F142 /* Main.storyboard in Resources */ = {isa = PBXBuildFile; fileRef = 4C575648271F8D0A0064F142 /* Main.storyboard */; };
		4C57564C271F8D0D0064F142 /* Assets.xcassets in Resources */ = {isa = PBXBuildFile; fileRef = 4C57564B271F8D0D0064F142 /* Assets.xcassets */; };
		4C57564F271F8D0D0064F142 /* LaunchScreen.storyboard in Resources */ = {isa = PBXBuildFile; fileRef = 4C57564D271F8D0D0064F142 /* LaunchScreen.storyboard */; };
		4C57565A271F8D0D0064F142 /* currencyAppTests.swift in Sources */ = {isa = PBXBuildFile; fileRef = 4C575659271F8D0D0064F142 /* currencyAppTests.swift */; };
		4C575665271F8D0D0064F142 /* currencyAppUITests.swift in Sources */ = {isa = PBXBuildFile; fileRef = 4C575664271F8D0D0064F142 /* currencyAppUITests.swift */; };
/* End PBXBuildFile section */

/* Begin PBXContainerItemProxy section */
		4C575656271F8D0D0064F142 /* PBXContainerItemProxy */ = {
			isa = PBXContainerItemProxy;
			containerPortal = 4C575637271F8D0A0064F142 /* Project object */;
			proxyType = 1;
			remoteGlobalIDString = 4C57563E271F8D0A0064F142;
			remoteInfo = currencyApp;
		};
		4C575661271F8D0D0064F142 /* PBXContainerItemProxy */ = {
			isa = PBXContainerItemProxy;
			containerPortal = 4C575637271F8D0A0064F142 /* Project object */;
			proxyType = 1;
			remoteGlobalIDString = 4C57563E271F8D0A0064F142;
			remoteInfo = currencyApp;
		};
/* End PBXContainerItemProxy section */

/* Begin PBXFileReference section */
		4C57563F271F8D0A0064F142 /* currencyApp.app */ = {isa = PBXFileReference; explicitFileType = wrapper.application; includeInIndex = 0; path = currencyApp.app; sourceTree = BUILT_PRODUCTS_DIR; };
		4C575642271F8D0A0064F142 /* AppDelegate.swift */ = {isa = PBXFileReference; lastKnownFileType = sourcecode.swift; path = AppDelegate.swift; sourceTree = "<group>"; };
		4C575644271F8D0A0064F142 /* SceneDelegate.swift */ = {isa = PBXFileReference; lastKnownFileType = sourcecode.swift; path = SceneDelegate.swift; sourceTree = "<group>"; };
		4C575646271F8D0A0064F142 /* ViewController.swift */ = {isa = PBXFileReference; lastKnownFileType = sourcecode.swift; path = ViewController.swift; sourceTree = "<group>"; };
		4C575649271F8D0A0064F142 /* Base */ = {isa = PBXFileReference; lastKnownFileType = file.storyboard; name = Base; path = Base.lproj/Main.storyboard; sourceTree = "<group>"; };
		4C57564B271F8D0D0064F142 /* Assets.xcassets */ = {isa = PBXFileReference; lastKnownFileType = folder.assetcatalog; path = Assets.xcassets; sourceTree = "<group>"; };
		4C57564E271F8D0D0064F142 /* Base */ = {isa = PBXFileReference; lastKnownFileType = file.storyboard; name = Base; path = Base.lproj/LaunchScreen.storyboard; sourceTree = "<group>"; };
		4C575650271F8D0D0064F142 /* Info.plist */ = {isa = PBXFileReference; lastKnownFileType = text.plist.xml; path = Info.plist; sourceTree = "<group>"; };
		4C575655271F8D0D0064F142 /* currencyAppTests.xctest */ = {isa = PBXFileReference; explicitFileType = wrapper.cfbundle; includeInIndex = 0; path = currencyAppTests.xctest; sourceTree = BUILT_PRODUCTS_DIR; };
		4C575659271F8D0D0064F142 /* currencyAppTests.swift */ = {isa = PBXFileReference; lastKnownFileType = sourcecode.swift; path = currencyAppTests.swift; sourceTree = "<group>"; };
		4C57565B271F8D0D0064F142 /* Info.plist */ = {isa = PBXFileReference; lastKnownFileType = text.plist.xml; path = Info.plist; sourceTree = "<group>"; };
		4C575660271F8D0D0064F142 /* currencyAppUITests.xctest */ = {isa = PBXFileReference; explicitFileType = wrapper.cfbundle; includeInIndex = 0; path = currencyAppUITests.xctest; sourceTree = BUILT_PRODUCTS_DIR; };
		4C575664271F8D0D0064F142 /* currencyAppUITests.swift */ = {isa = PBXFileReference; lastKnownFileType = sourcecode.swift; path = currencyAppUITests.swift; sourceTree = "<group>"; };
		4C575666271F8D0D0064F142 /* Info.plist */ = {isa = PBXFileReference; lastKnownFileType = text.plist.xml; path = Info.plist; sourceTree = "<group>"; };
/* End PBXFileReference section */

/* Begin PBXFrameworksBuildPhase section */
		4C57563C271F8D0A0064F142 /* Frameworks */ = {
			isa = PBXFrameworksBuildPhase;
			buildActionMask = 2147483647;
			files = (
			);
			runOnlyForDeploymentPostprocessing = 0;
		};
		4C575652271F8D0D0064F142 /* Frameworks */ = {
			isa = PBXFrameworksBuildPhase;
			buildActionMask = 2147483647;
			files = (
			);
			runOnlyForDeploymentPostprocessing = 0;
		};
		4C57565D271F8D0D0064F142 /* Frameworks */ = {
			isa = PBXFrameworksBuildPhase;
			buildActionMask = 2147483647;
			files = (
			);
			runOnlyForDeploymentPostprocessing = 0;
		};
/* End PBXFrameworksBuildPhase section */

/* Begin PBXGroup section */
		4C575636271F8D0A0064F142 = {
			isa = PBXGroup;
			children = (
				4C575641271F8D0A0064F142 /* currencyApp */,
				4C575658271F8D0D0064F142 /* currencyAppTests */,
				4C575663271F8D0D0064F142 /* currencyAppUITests */,
				4C575640271F8D0A0064F142 /* Products */,
			);
			sourceTree = "<group>";
		};
		4C575640271F8D0A0064F142 /* Products */ = {
			isa = PBXGroup;
			children = (
				4C57563F271F8D0A0064F142 /* currencyApp.app */,
				4C575655271F8D0D0064F142 /* currencyAppTests.xctest */,
				4C575660271F8D0D0064F142 /* currencyAppUITests.xctest */,
			);
			name = Products;
			sourceTree = "<group>";
		};
		4C575641271F8D0A0064F142 /* currencyApp */ = {
			isa = PBXGroup;
			children = (
				4C575642271F8D0A0064F142 /* AppDelegate.swift */,
				4C575644271F8D0A0064F142 /* SceneDelegate.swift */,
				4C575646271F8D0A0064F142 /* ViewController.swift */,
				4C575648271F8D0A0064F142 /* Main.storyboard */,
				4C57564B271F8D0D0064F142 /* Assets.xcassets */,
				4C57564D271F8D0D0064F142 /* LaunchScreen.storyboard */,
				4C575650271F8D0D0064F142 /* Info.plist */,
			);
			path = currencyApp;
			sourceTree = "<group>";
		};
		4C575658271F8D0D0064F142 /* currencyAppTests */ = {
			isa = PBXGroup;
			children = (
				4C575659271F8D0D0064F142 /* currencyAppTests.swift */,
				4C57565B271F8D0D0064F142 /* Info.plist */,
			);
			path = currencyAppTests;
			sourceTree = "<group>";
		};
		4C575663271F8D0D0064F142 /* currencyAppUITests */ = {
			isa = PBXGroup;
			children = (
				4C575664271F8D0D0064F142 /* currencyAppUITests.swift */,
				4C575666271F8D0D0064F142 /* Info.plist */,
			);
			path = currencyAppUITests;
			sourceTree = "<group>";
		};
/* End PBXGroup section */

/* Begin PBXNativeTarget section */
		4C57563E271F8D0A0064F142 /* currencyApp */ = {
			isa = PBXNativeTarget;
			buildConfigurationList = 4C575669271F8D0D0064F142 /* Build configuration list for PBXNativeTarget "currencyApp" */;
			buildPhases = (
				4C57563B271F8D0A0064F142 /* Sources */,
				4C57563C271F8D0A0064F142 /* Frameworks */,
				4C57563D271F8D0A0064F142 /* Resources */,
			);
			buildRules = (
			);
			dependencies = (
			);
			name = currencyApp;
			productName = currencyApp;
			productReference = 4C57563F271F8D0A0064F142 /* currencyApp.app */;
			productType = "com.apple.product-type.application";
		};
		4C575654271F8D0D0064F142 /* currencyAppTests */ = {
			isa = PBXNativeTarget;
			buildConfigurationList = 4C57566C271F8D0D0064F142 /* Build configuration list for PBXNativeTarget "currencyAppTests" */;
			buildPhases = (
				4C575651271F8D0D0064F142 /* Sources */,
				4C575652271F8D0D0064F142 /* Frameworks */,
				4C575653271F8D0D0064F142 /* Resources */,
			);
			buildRules = (
			);
			dependencies = (
				4C575657271F8D0D0064F142 /* PBXTargetDependency */,
			);
			name = currencyAppTests;
			productName = currencyAppTests;
			productReference = 4C575655271F8D0D0064F142 /* currencyAppTests.xctest */;
			productType = "com.apple.product-type.bundle.unit-test";
		};
		4C57565F271F8D0D0064F142 /* currencyAppUITests */ = {
			isa = PBXNativeTarget;
			buildConfigurationList = 4C57566F271F8D0D0064F142 /* Build configuration list for PBXNativeTarget "currencyAppUITests" */;
			buildPhases = (
				4C57565C271F8D0D0064F142 /* Sources */,
				4C57565D271F8D0D0064F142 /* Frameworks */,
				4C57565E271F8D0D0064F142 /* Resources */,
			);
			buildRules = (
			);
			dependencies = (
				4C575662271F8D0D0064F142 /* PBXTargetDependency */,
			);
			name = currencyAppUITests;
			productName = currencyAppUITests;
			productReference = 4C575660271F8D0D0064F142 /* currencyAppUITests.xctest */;
			productType = "com.apple.product-type.bundle.ui-testing";
		};
/* End PBXNativeTarget section */

/* Begin PBXProject section */
		4C575637271F8D0A0064F142 /* Project object */ = {
			isa = PBXProject;
			attributes = {
				LastSwiftUpdateCheck = 1250;
				LastUpgradeCheck = 1250;
				TargetAttributes = {
					4C57563E271F8D0A0064F142 = {
						CreatedOnToolsVersion = 12.5.1;
					};
					4C575654271F8D0D0064F142 = {
						CreatedOnToolsVersion = 12.5.1;
						TestTargetID = 4C57563E271F8D0A0064F142;
					};
					4C57565F271F8D0D0064F142 = {
						CreatedOnToolsVersion = 12.5.1;
						TestTargetID = 4C57563E271F8D0A0064F142;
					};
				};
			};
			buildConfigurationList = 4C57563A271F8D0A0064F142 /* Build configuration list for PBXProject "currencyApp" */;
			compatibilityVersion = "Xcode 9.3";
			developmentRegion = en;
			hasScannedForEncodings = 0;
			knownRegions = (
				en,
				Base,
			);
			mainGroup = 4C575636271F8D0A0064F142;
			productRefGroup = 4C575640271F8D0A0064F142 /* Products */;
			projectDirPath = "";
			projectRoot = "";
			targets = (
				4C57563E271F8D0A0064F142 /* currencyApp */,
				4C575654271F8D0D0064F142 /* currencyAppTests */,
				4C57565F271F8D0D0064F142 /* currencyAppUITests */,
			);
		};
/* End PBXProject section */

/* Begin PBXResourcesBuildPhase section */
		4C57563D271F8D0A0064F142 /* Resources */ = {
			isa = PBXResourcesBuildPhase;
			buildActionMask = 2147483647;
			files = (
				4C57564F271F8D0D0064F142 /* LaunchScreen.storyboard in Resources */,
				4C57564C271F8D0D0064F142 /* Assets.xcassets in Resources */,
				4C57564A271F8D0A0064F142 /* Main.storyboard in Resources */,
			);
			runOnlyForDeploymentPostprocessing = 0;
		};
		4C575653271F8D0D0064F142 /* Resources */ = {
			isa = PBXResourcesBuildPhase;
			buildActionMask = 2147483647;
			files = (
			);
			runOnlyForDeploymentPostprocessing = 0;
		};
		4C57565E271F8D0D0064F142 /* Resources */ = {
			isa = PBXResourcesBuildPhase;
			buildActionMask = 2147483647;
			files = (
			);
			runOnlyForDeploymentPostprocessing = 0;
		};
/* End PBXResourcesBuildPhase section */

/* Begin PBXSourcesBuildPhase section */
		4C57563B271F8D0A0064F142 /* Sources */ = {
			isa = PBXSourcesBuildPhase;
			buildActionMask = 2147483647;
			files = (
				4C575647271F8D0A0064F142 /* ViewController.swift in Sources */,
				4C575643271F8D0A0064F142 /* AppDelegate.swift in Sources */,
				4C575645271F8D0A0064F142 /* SceneDelegate.swift in Sources */,
			);
			runOnlyForDeploymentPostprocessing = 0;
		};
		4C575651271F8D0D0064F142 /* Sources */ = {
			isa = PBXSourcesBuildPhase;
			buildActionMask = 2147483647;
			files = (
				4C57565A271F8D0D0064F142 /* currencyAppTests.swift in Sources */,
			);
			runOnlyForDeploymentPostprocessing = 0;
		};
		4C57565C271F8D0D0064F142 /* Sources */ = {
			isa = PBXSourcesBuildPhase;
			buildActionMask = 2147483647;
			files = (
				4C575665271F8D0D0064F142 /* currencyAppUITests.swift in Sources */,
			);
			runOnlyForDeploymentPostprocessing = 0;
		};
/* End PBXSourcesBuildPhase section */

/* Begin PBXTargetDependency section */
		4C575657271F8D0D0064F142 /* PBXTargetDependency */ = {
			isa = PBXTargetDependency;
			target = 4C57563E271F8D0A0064F142 /* currencyApp */;
			targetProxy = 4C575656271F8D0D0064F142 /* PBXContainerItemProxy */;
		};
		4C575662271F8D0D0064F142 /* PBXTargetDependency */ = {
			isa = PBXTargetDependency;
			target = 4C57563E271F8D0A0064F142 /* currencyApp */;
			targetProxy = 4C575661271F8D0D0064F142 /* PBXContainerItemProxy */;
		};
/* End PBXTargetDependency section */

/* Begin PBXVariantGroup section */
		4C575648271F8D0A0064F142 /* Main.storyboard */ = {
			isa = PBXVariantGroup;
			children = (
				4C575649271F8D0A0064F142 /* Base */,
			);
			name = Main.storyboard;
			sourceTree = "<group>";
		};
		4C57564D271F8D0D0064F142 /* LaunchScreen.storyboard */ = {
			isa = PBXVariantGroup;
			children = (
				4C57564E271F8D0D0064F142 /* Base */,
			);
			name = LaunchScreen.storyboard;
			sourceTree = "<group>";
		};
/* End PBXVariantGroup section */

/* Begin XCBuildConfiguration section */
		4C575667271F8D0D0064F142 /* Debug */ = {
			isa = XCBuildConfiguration;
			buildSettings = {
				ALWAYS_SEARCH_USER_PATHS = NO;
				CLANG_ANALYZER_NONNULL = YES;
				CLANG_ANALYZER_NUMBER_OBJECT_CONVERSION = YES_AGGRESSIVE;
				CLANG_CXX_LANGUAGE_STANDARD = "gnu++14";
				CLANG_CXX_LIBRARY = "libc++";
				CLANG_ENABLE_MODULES = YES;
				CLANG_ENABLE_OBJC_ARC = YES;
				CLANG_ENABLE_OBJC_WEAK = YES;
				CLANG_WARN_BLOCK_CAPTURE_AUTORELEASING = YES;
				CLANG_WARN_BOOL_CONVERSION = YES;
				CLANG_WARN_COMMA = YES;
				CLANG_WARN_CONSTANT_CONVERSION = YES;
				CLANG_WARN_DEPRECATED_OBJC_IMPLEMENTATIONS = YES;
				CLANG_WARN_DIRECT_OBJC_ISA_USAGE = YES_ERROR;
				CLANG_WARN_DOCUMENTATION_COMMENTS = YES;
				CLANG_WARN_EMPTY_BODY = YES;
				CLANG_WARN_ENUM_CONVERSION = YES;
				CLANG_WARN_INFINITE_RECURSION = YES;
				CLANG_WARN_INT_CONVERSION = YES;
				CLANG_WARN_NON_LITERAL_NULL_CONVERSION = YES;
				CLANG_WARN_OBJC_IMPLICIT_RETAIN_SELF = YES;
				CLANG_WARN_OBJC_LITERAL_CONVERSION = YES;
				CLANG_WARN_OBJC_ROOT_CLASS = YES_ERROR;
				CLANG_WARN_QUOTED_INCLUDE_IN_FRAMEWORK_HEADER = YES;
				CLANG_WARN_RANGE_LOOP_ANALYSIS = YES;
				CLANG_WARN_STRICT_PROTOTYPES = YES;
				CLANG_WARN_SUSPICIOUS_MOVE = YES;
				CLANG_WARN_UNGUARDED_AVAILABILITY = YES_AGGRESSIVE;
				CLANG_WARN_UNREACHABLE_CODE = YES;
				CLANG_WARN__DUPLICATE_METHOD_MATCH = YES;
				COPY_PHASE_STRIP = NO;
				DEBUG_INFORMATION_FORMAT = dwarf;
				ENABLE_STRICT_OBJC_MSGSEND = YES;
				ENABLE_TESTABILITY = YES;
				GCC_C_LANGUAGE_STANDARD = gnu11;
				GCC_DYNAMIC_NO_PIC = NO;
				GCC_NO_COMMON_BLOCKS = YES;
				GCC_OPTIMIZATION_LEVEL = 0;
				GCC_PREPROCESSOR_DEFINITIONS = (
					"DEBUG=1",
					"$(inherited)",
				);
				GCC_WARN_64_TO_32_BIT_CONVERSION = YES;
				GCC_WARN_ABOUT_RETURN_TYPE = YES_ERROR;
				GCC_WARN_UNDECLARED_SELECTOR = YES;
				GCC_WARN_UNINITIALIZED_AUTOS = YES_AGGRESSIVE;
				GCC_WARN_UNUSED_FUNCTION = YES;
				GCC_WARN_UNUSED_VARIABLE = YES;
				IPHONEOS_DEPLOYMENT_TARGET = 14.5;
				MTL_ENABLE_DEBUG_INFO = INCLUDE_SOURCE;
				MTL_FAST_MATH = YES;
				ONLY_ACTIVE_ARCH = YES;
				SDKROOT = iphoneos;
				SWIFT_ACTIVE_COMPILATION_CONDITIONS = DEBUG;
				SWIFT_OPTIMIZATION_LEVEL = "-Onone";
			};
			name = Debug;
		};
		4C575668271F8D0D0064F142 /* Release */ = {
			isa = XCBuildConfiguration;
			buildSettings = {
				ALWAYS_SEARCH_USER_PATHS = NO;
				CLANG_ANALYZER_NONNULL = YES;
				CLANG_ANALYZER_NUMBER_OBJECT_CONVERSION = YES_AGGRESSIVE;
				CLANG_CXX_LANGUAGE_STANDARD = "gnu++14";
				CLANG_CXX_LIBRARY = "libc++";
				CLANG_ENABLE_MODULES = YES;
				CLANG_ENABLE_OBJC_ARC = YES;
				CLANG_ENABLE_OBJC_WEAK = YES;
				CLANG_WARN_BLOCK_CAPTURE_AUTORELEASING = YES;
				CLANG_WARN_BOOL_CONVERSION = YES;
				CLANG_WARN_COMMA = YES;
				CLANG_WARN_CONSTANT_CONVERSION = YES;
				CLANG_WARN_DEPRECATED_OBJC_IMPLEMENTATIONS = YES;
				CLANG_WARN_DIRECT_OBJC_ISA_USAGE = YES_ERROR;
				CLANG_WARN_DOCUMENTATION_COMMENTS = YES;
				CLANG_WARN_EMPTY_BODY = YES;
				CLANG_WARN_ENUM_CONVERSION = YES;
				CLANG_WARN_INFINITE_RECURSION = YES;
				CLANG_WARN_INT_CONVERSION = YES;
				CLANG_WARN_NON_LITERAL_NULL_CONVERSION = YES;
				CLANG_WARN_OBJC_IMPLICIT_RETAIN_SELF = YES;
				CLANG_WARN_OBJC_LITERAL_CONVERSION = YES;
				CLANG_WARN_OBJC_ROOT_CLASS = YES_ERROR;
				CLANG_WARN_QUOTED_INCLUDE_IN_FRAMEWORK_HEADER = YES;
				CLANG_WARN_RANGE_LOOP_ANALYSIS = YES;
				CLANG_WARN_STRICT_PROTOTYPES = YES;
				CLANG_WARN_SUSPICIOUS_MOVE = YES;
				CLANG_WARN_UNGUARDED_AVAILABILITY = YES_AGGRESSIVE;
				CLANG_WARN_UNREACHABLE_CODE = YES;
				CLANG_WARN__DUPLICATE_METHOD_MATCH = YES;
				COPY_PHASE_STRIP = NO;
				DEBUG_INFORMATION_FORMAT = "dwarf-with-dsym";
				ENABLE_NS_ASSERTIONS = NO;
				ENABLE_STRICT_OBJC_MSGSEND = YES;
				GCC_C_LANGUAGE_STANDARD = gnu11;
				GCC_NO_COMMON_BLOCKS = YES;
				GCC_WARN_64_TO_32_BIT_CONVERSION = YES;
				GCC_WARN_ABOUT_RETURN_TYPE = YES_ERROR;
				GCC_WARN_UNDECLARED_SELECTOR = YES;
				GCC_WARN_UNINITIALIZED_AUTOS = YES_AGGRESSIVE;
				GCC_WARN_UNUSED_FUNCTION = YES;
				GCC_WARN_UNUSED_VARIABLE = YES;
				IPHONEOS_DEPLOYMENT_TARGET = 14.5;
				MTL_ENABLE_DEBUG_INFO = NO;
				MTL_FAST_MATH = YES;
				SDKROOT = iphoneos;
				SWIFT_COMPILATION_MODE = wholemodule;
				SWIFT_OPTIMIZATION_LEVEL = "-O";
				VALIDATE_PRODUCT = YES;
			};
			name = Release;
		};
		4C57566A271F8D0D0064F142 /* Debug */ = {
			isa = XCBuildConfiguration;
			buildSettings = {
				ASSETCATALOG_COMPILER_APPICON_NAME = AppIcon;
				ASSETCATALOG_COMPILER_GLOBAL_ACCENT_COLOR_NAME = AccentColor;
				CODE_SIGN_STYLE = Automatic;
				INFOPLIST_FILE = currencyApp/Info.plist;
				LD_RUNPATH_SEARCH_PATHS = (
					"$(inherited)",
					"@executable_path/Frameworks",
				);
				PRODUCT_BUNDLE_IDENTIFIER = edu.northeastern.element.helloworld.currencyApp;
				PRODUCT_NAME = "$(TARGET_NAME)";
				SWIFT_VERSION = 5.0;
				TARGETED_DEVICE_FAMILY = "1,2";
			};
			name = Debug;
		};
		4C57566B271F8D0D0064F142 /* Release */ = {
			isa = XCBuildConfiguration;
			buildSettings = {
				ASSETCATALOG_COMPILER_APPICON_NAME = AppIcon;
				ASSETCATALOG_COMPILER_GLOBAL_ACCENT_COLOR_NAME = AccentColor;
				CODE_SIGN_STYLE = Automatic;
				INFOPLIST_FILE = currencyApp/Info.plist;
				LD_RUNPATH_SEARCH_PATHS = (
					"$(inherited)",
					"@executable_path/Frameworks",
				);
				PRODUCT_BUNDLE_IDENTIFIER = edu.northeastern.element.helloworld.currencyApp;
				PRODUCT_NAME = "$(TARGET_NAME)";
				SWIFT_VERSION = 5.0;
				TARGETED_DEVICE_FAMILY = "1,2";
			};
			name = Release;
		};
		4C57566D271F8D0D0064F142 /* Debug */ = {
			isa = XCBuildConfiguration;
			buildSettings = {
				ALWAYS_EMBED_SWIFT_STANDARD_LIBRARIES = YES;
				BUNDLE_LOADER = "$(TEST_HOST)";
				CODE_SIGN_STYLE = Automatic;
				INFOPLIST_FILE = currencyAppTests/Info.plist;
				IPHONEOS_DEPLOYMENT_TARGET = 14.5;
				LD_RUNPATH_SEARCH_PATHS = (
					"$(inherited)",
					"@executable_path/Frameworks",
					"@loader_path/Frameworks",
				);
				PRODUCT_BUNDLE_IDENTIFIER = edu.northeastern.element.helloworld.currencyAppTests;
				PRODUCT_NAME = "$(TARGET_NAME)";
				SWIFT_VERSION = 5.0;
				TARGETED_DEVICE_FAMILY = "1,2";
				TEST_HOST = "$(BUILT_PRODUCTS_DIR)/currencyApp.app/currencyApp";
			};
			name = Debug;
		};
		4C57566E271F8D0D0064F142 /* Release */ = {
			isa = XCBuildConfiguration;
			buildSettings = {
				ALWAYS_EMBED_SWIFT_STANDARD_LIBRARIES = YES;
				BUNDLE_LOADER = "$(TEST_HOST)";
				CODE_SIGN_STYLE = Automatic;
				INFOPLIST_FILE = currencyAppTests/Info.plist;
				IPHONEOS_DEPLOYMENT_TARGET = 14.5;
				LD_RUNPATH_SEARCH_PATHS = (
					"$(inherited)",
					"@executable_path/Frameworks",
					"@loader_path/Frameworks",
				);
				PRODUCT_BUNDLE_IDENTIFIER = edu.northeastern.element.helloworld.currencyAppTests;
				PRODUCT_NAME = "$(TARGET_NAME)";
				SWIFT_VERSION = 5.0;
				TARGETED_DEVICE_FAMILY = "1,2";
				TEST_HOST = "$(BUILT_PRODUCTS_DIR)/currencyApp.app/currencyApp";
			};
			name = Release;
		};
		4C575670271F8D0D0064F142 /* Debug */ = {
			isa = XCBuildConfiguration;
			buildSettings = {
				ALWAYS_EMBED_SWIFT_STANDARD_LIBRARIES = YES;
				CODE_SIGN_STYLE = Automatic;
				INFOPLIST_FILE = currencyAppUITests/Info.plist;
				LD_RUNPATH_SEARCH_PATHS = (
					"$(inherited)",
					"@executable_path/Frameworks",
					"@loader_path/Frameworks",
				);
				PRODUCT_BUNDLE_IDENTIFIER = edu.northeastern.element.helloworld.currencyAppUITests;
				PRODUCT_NAME = "$(TARGET_NAME)";
				SWIFT_VERSION = 5.0;
				TARGETED_DEVICE_FAMILY = "1,2";
				TEST_TARGET_NAME = currencyApp;
			};
			name = Debug;
		};
		4C575671271F8D0D0064F142 /* Release */ = {
			isa = XCBuildConfiguration;
			buildSettings = {
				ALWAYS_EMBED_SWIFT_STANDARD_LIBRARIES = YES;
				CODE_SIGN_STYLE = Automatic;
				INFOPLIST_FILE = currencyAppUITests/Info.plist;
				LD_RUNPATH_SEARCH_PATHS = (
					"$(inherited)",
					"@executable_path/Frameworks",
					"@loader_path/Frameworks",
				);
				PRODUCT_BUNDLE_IDENTIFIER = edu.northeastern.element.helloworld.currencyAppUITests;
				PRODUCT_NAME = "$(TARGET_NAME)";
				SWIFT_VERSION = 5.0;
				TARGETED_DEVICE_FAMILY = "1,2";
				TEST_TARGET_NAME = currencyApp;
			};
			name = Release;
		};
/* End XCBuildConfiguration section */

/* Begin XCConfigurationList section */
		4C57563A271F8D0A0064F142 /* Build configuration list for PBXProject "currencyApp" */ = {
			isa = XCConfigurationList;
			buildConfigurations = (
				4C575667271F8D0D0064F142 /* Debug */,
				4C575668271F8D0D0064F142 /* Release */,
			);
			defaultConfigurationIsVisible = 0;
			defaultConfigurationName = Release;
		};
		4C575669271F8D0D0064F142 /* Build configuration list for PBXNativeTarget "currencyApp" */ = {
			isa = XCConfigurationList;
			buildConfigurations = (
				4C57566A271F8D0D0064F142 /* Debug */,
				4C57566B271F8D0D0064F142 /* Release */,
			);
			defaultConfigurationIsVisible = 0;
			defaultConfigurationName = Release;
		};
		4C57566C271F8D0D0064F142 /* Build configuration list for PBXNativeTarget "currencyAppTests" */ = {
			isa = XCConfigurationList;
			buildConfigurations = (
				4C57566D271F8D0D0064F142 /* Debug */,
				4C57566E271F8D0D0064F142 /* Release */,
			);
			defaultConfigurationIsVisible = 0;
			defaultConfigurationName = Release;
		};
		4C57566F271F8D0D0064F142 /* Build configuration list for PBXNativeTarget "currencyAppUITests" */ = {
			isa = XCConfigurationList;
			buildConfigurations = (
				4C575670271F8D0D0064F142 /* Debug */,
				4C575671271F8D0D0064F142 /* Release */,
			);
			defaultConfigurationIsVisible = 0;
			defaultConfigurationName = Release;
		};
/* End XCConfigurationList section */
	};
	rootObject = 4C575637271F8D0A0064F142 /* Project object */;
}
